
Microsoft Visual Studio Solution File, Format Version 12.00
# Visual Studio Version 17
VisualStudioVersion = 17.11.35303.130
MinimumVisualStudioVersion = 10.0.40219.1
Project("{2150E333-8FDC-42A3-9474-1A3956D46DE8}") = "src", "src", "{6289689A-947F-401F-8FFE-9C1E04DA7E23}"
EndProject
Project("{FAE04EC0-301F-11D3-BF4B-00C04F79EFBC}") = "LumenSolar.WebAPI", "src\LumenSolar.WebAPI\LumenSolar.WebAPI.csproj", "{0922A3D2-4968-46F7-8874-DDE2CEE84286}"
EndProject
Global
	GlobalSection(SolutionConfigurationPlatforms) = preSolution
		Debug|Any CPU = Debug|Any CPU
		Release|Any CPU = Release|Any CPU
	EndGlobalSection
	GlobalSection(ProjectConfigurationPlatforms) = postSolution
		{0922A3D2-4968-46F7-8874-DDE2CEE84286}.Debug|Any CPU.ActiveCfg = Debug|Any CPU
		{0922A3D2-4968-46F7-8874-DDE2CEE84286}.Debug|Any CPU.Build.0 = Debug|Any CPU
		{0922A3D2-4968-46F7-8874-DDE2CEE84286}.Release|Any CPU.ActiveCfg = Release|Any CPU
		{0922A3D2-4968-46F7-8874-DDE2CEE84286}.Release|Any CPU.Build.0 = Release|Any CPU
	EndGlobalSection
	GlobalSection(SolutionProperties) = preSolution
		HideSolutionNode = FALSE
	EndGlobalSection
	GlobalSection(NestedProjects) = preSolution
		{0922A3D2-4968-46F7-8874-DDE2CEE84286} = {6289689A-947F-401F-8FFE-9C1E04DA7E23}
	EndGlobalSection
	GlobalSection(ExtensibilityGlobals) = postSolution
		SolutionGuid = {5214A82E-1224-433D-922C-15F8FDDB1B64}
	EndGlobalSection
EndGlobal
